// !$*UTF8*$!
{
	archiveVersion = 1;
	classes = {
	};
	objectVersion = 55;
	objects = {

/* Begin PBXBuildFile section */
		F13D882427C7ABF800131375 /* StorageListView.swift in Sources */ = {isa = PBXBuildFile; fileRef = F13D882327C7ABF700131375 /* StorageListView.swift */; };
		F13D882827C7C49600131375 /* StorageView.swift in Sources */ = {isa = PBXBuildFile; fileRef = F13D882727C7C49600131375 /* StorageView.swift */; };
		F13D882B27C7DA0D00131375 /* IntToTimeConverter.swift in Sources */ = {isa = PBXBuildFile; fileRef = F13D882A27C7DA0D00131375 /* IntToTimeConverter.swift */; };
		F13D883027C83EB100131375 /* MusicRowView.swift in Sources */ = {isa = PBXBuildFile; fileRef = F13D882F27C83EB100131375 /* MusicRowView.swift */; };
		F154D6B927C6CFA100EC7F56 /* MusicListView.swift in Sources */ = {isa = PBXBuildFile; fileRef = F154D6B827C6CFA100EC7F56 /* MusicListView.swift */; };
		F154D6BB27C78B4800EC7F56 /* StorageViewModel.swift in Sources */ = {isa = PBXBuildFile; fileRef = F154D6BA27C78B4700EC7F56 /* StorageViewModel.swift */; };
		F1CCFF4A27C4149F0045E363 /* Music_App.swift in Sources */ = {isa = PBXBuildFile; fileRef = F1CCFF4927C4149F0045E363 /* Music_App.swift */; };
		F1CCFF4C27C4149F0045E363 /* ContentView.swift in Sources */ = {isa = PBXBuildFile; fileRef = F1CCFF4B27C4149F0045E363 /* ContentView.swift */; };
		F1CCFF4E27C414A10045E363 /* Assets.xcassets in Resources */ = {isa = PBXBuildFile; fileRef = F1CCFF4D27C414A10045E363 /* Assets.xcassets */; };
		F1CCFF5127C414A10045E363 /* Preview Assets.xcassets in Resources */ = {isa = PBXBuildFile; fileRef = F1CCFF5027C414A10045E363 /* Preview Assets.xcassets */; };
		F1CCFF5327C414A10045E363 /* Persistence.swift in Sources */ = {isa = PBXBuildFile; fileRef = F1CCFF5227C414A10045E363 /* Persistence.swift */; };
		F1CCFF5627C414A10045E363 /* Music_App.xcdatamodeld in Sources */ = {isa = PBXBuildFile; fileRef = F1CCFF5427C414A10045E363 /* Music_App.xcdatamodeld */; };
		F1CCFF6027C414A20045E363 /* Music_AppTests.swift in Sources */ = {isa = PBXBuildFile; fileRef = F1CCFF5F27C414A20045E363 /* Music_AppTests.swift */; };
		F1CCFF6A27C414A20045E363 /* Music_AppUITests.swift in Sources */ = {isa = PBXBuildFile; fileRef = F1CCFF6927C414A20045E363 /* Music_AppUITests.swift */; };
		F1CCFF6C27C414A20045E363 /* Music_AppUITestsLaunchTests.swift in Sources */ = {isa = PBXBuildFile; fileRef = F1CCFF6B27C414A20045E363 /* Music_AppUITestsLaunchTests.swift */; };
		F1CCFF7A27C422D30045E363 /* MusicBoxView.swift in Sources */ = {isa = PBXBuildFile; fileRef = F1CCFF7927C422D30045E363 /* MusicBoxView.swift */; };
		F1CCFF7D27C423E40045E363 /* musicMain.json in Resources */ = {isa = PBXBuildFile; fileRef = F1CCFF7C27C423E40045E363 /* musicMain.json */; };
		F1CCFF8B27C55F0D0045E363 /* Image.swift in Sources */ = {isa = PBXBuildFile; fileRef = F1CCFF8A27C55F0D0045E363 /* Image.swift */; };
		F1CCFF9127C6150E0045E363 /* Music.swift in Sources */ = {isa = PBXBuildFile; fileRef = F1CCFF9027C6150E0045E363 /* Music.swift */; };
		F1CCFF9827C63F130045E363 /* ReadMainMusicData.swift in Sources */ = {isa = PBXBuildFile; fileRef = F1CCFF9727C63F130045E363 /* ReadMainMusicData.swift */; };
/* End PBXBuildFile section */

/* Begin PBXContainerItemProxy section */
		F1CCFF5C27C414A20045E363 /* PBXContainerItemProxy */ = {
			isa = PBXContainerItemProxy;
			containerPortal = F1CCFF3E27C4149F0045E363 /* Project object */;
			proxyType = 1;
			remoteGlobalIDString = F1CCFF4527C4149F0045E363;
			remoteInfo = "Music App";
		};
		F1CCFF6627C414A20045E363 /* PBXContainerItemProxy */ = {
			isa = PBXContainerItemProxy;
			containerPortal = F1CCFF3E27C4149F0045E363 /* Project object */;
			proxyType = 1;
			remoteGlobalIDString = F1CCFF4527C4149F0045E363;
			remoteInfo = "Music App";
		};
/* End PBXContainerItemProxy section */

/* Begin PBXFileReference section */
		F13D882327C7ABF700131375 /* StorageListView.swift */ = {isa = PBXFileReference; lastKnownFileType = sourcecode.swift; path = StorageListView.swift; sourceTree = "<group>"; };
		F13D882727C7C49600131375 /* StorageView.swift */ = {isa = PBXFileReference; lastKnownFileType = sourcecode.swift; path = StorageView.swift; sourceTree = "<group>"; };
		F13D882A27C7DA0D00131375 /* IntToTimeConverter.swift */ = {isa = PBXFileReference; lastKnownFileType = sourcecode.swift; path = IntToTimeConverter.swift; sourceTree = "<group>"; };
		F13D882F27C83EB100131375 /* MusicRowView.swift */ = {isa = PBXFileReference; lastKnownFileType = sourcecode.swift; path = MusicRowView.swift; sourceTree = "<group>"; };
		F154D6B827C6CFA100EC7F56 /* MusicListView.swift */ = {isa = PBXFileReference; lastKnownFileType = sourcecode.swift; path = MusicListView.swift; sourceTree = "<group>"; };
		F154D6BA27C78B4700EC7F56 /* StorageViewModel.swift */ = {isa = PBXFileReference; lastKnownFileType = sourcecode.swift; path = StorageViewModel.swift; sourceTree = "<group>"; };
		F1CCFF4627C4149F0045E363 /* Music App.app */ = {isa = PBXFileReference; explicitFileType = wrapper.application; includeInIndex = 0; path = "Music App.app"; sourceTree = BUILT_PRODUCTS_DIR; };
		F1CCFF4927C4149F0045E363 /* Music_App.swift */ = {isa = PBXFileReference; lastKnownFileType = sourcecode.swift; path = Music_App.swift; sourceTree = "<group>"; };
		F1CCFF4B27C4149F0045E363 /* ContentView.swift */ = {isa = PBXFileReference; lastKnownFileType = sourcecode.swift; path = ContentView.swift; sourceTree = "<group>"; };
		F1CCFF4D27C414A10045E363 /* Assets.xcassets */ = {isa = PBXFileReference; lastKnownFileType = folder.assetcatalog; path = Assets.xcassets; sourceTree = "<group>"; };
		F1CCFF5027C414A10045E363 /* Preview Assets.xcassets */ = {isa = PBXFileReference; lastKnownFileType = folder.assetcatalog; path = "Preview Assets.xcassets"; sourceTree = "<group>"; };
		F1CCFF5227C414A10045E363 /* Persistence.swift */ = {isa = PBXFileReference; lastKnownFileType = sourcecode.swift; path = Persistence.swift; sourceTree = "<group>"; };
		F1CCFF5527C414A10045E363 /* Music_App.xcdatamodel */ = {isa = PBXFileReference; lastKnownFileType = wrapper.xcdatamodel; path = Music_App.xcdatamodel; sourceTree = "<group>"; };
		F1CCFF5B27C414A20045E363 /* Music AppTests.xctest */ = {isa = PBXFileReference; explicitFileType = wrapper.cfbundle; includeInIndex = 0; path = "Music AppTests.xctest"; sourceTree = BUILT_PRODUCTS_DIR; };
		F1CCFF5F27C414A20045E363 /* Music_AppTests.swift */ = {isa = PBXFileReference; lastKnownFileType = sourcecode.swift; path = Music_AppTests.swift; sourceTree = "<group>"; };
		F1CCFF6527C414A20045E363 /* Music AppUITests.xctest */ = {isa = PBXFileReference; explicitFileType = wrapper.cfbundle; includeInIndex = 0; path = "Music AppUITests.xctest"; sourceTree = BUILT_PRODUCTS_DIR; };
		F1CCFF6927C414A20045E363 /* Music_AppUITests.swift */ = {isa = PBXFileReference; lastKnownFileType = sourcecode.swift; path = Music_AppUITests.swift; sourceTree = "<group>"; };
		F1CCFF6B27C414A20045E363 /* Music_AppUITestsLaunchTests.swift */ = {isa = PBXFileReference; lastKnownFileType = sourcecode.swift; path = Music_AppUITestsLaunchTests.swift; sourceTree = "<group>"; };
		F1CCFF7927C422D30045E363 /* MusicBoxView.swift */ = {isa = PBXFileReference; lastKnownFileType = sourcecode.swift; path = MusicBoxView.swift; sourceTree = "<group>"; };
		F1CCFF7C27C423E40045E363 /* musicMain.json */ = {isa = PBXFileReference; lastKnownFileType = text.json; path = musicMain.json; sourceTree = "<group>"; };
		F1CCFF8A27C55F0D0045E363 /* Image.swift */ = {isa = PBXFileReference; lastKnownFileType = sourcecode.swift; path = Image.swift; sourceTree = "<group>"; };
		F1CCFF9027C6150E0045E363 /* Music.swift */ = {isa = PBXFileReference; lastKnownFileType = sourcecode.swift; path = Music.swift; sourceTree = "<group>"; };
		F1CCFF9727C63F130045E363 /* ReadMainMusicData.swift */ = {isa = PBXFileReference; lastKnownFileType = sourcecode.swift; path = ReadMainMusicData.swift; sourceTree = "<group>"; };
/* End PBXFileReference section */

/* Begin PBXFrameworksBuildPhase section */
		F1CCFF4327C4149F0045E363 /* Frameworks */ = {
			isa = PBXFrameworksBuildPhase;
			buildActionMask = 2147483647;
			files = (
			);
			runOnlyForDeploymentPostprocessing = 0;
		};
		F1CCFF5827C414A20045E363 /* Frameworks */ = {
			isa = PBXFrameworksBuildPhase;
			buildActionMask = 2147483647;
			files = (
			);
			runOnlyForDeploymentPostprocessing = 0;
		};
		F1CCFF6227C414A20045E363 /* Frameworks */ = {
			isa = PBXFrameworksBuildPhase;
			buildActionMask = 2147483647;
			files = (
			);
			runOnlyForDeploymentPostprocessing = 0;
		};
/* End PBXFrameworksBuildPhase section */

/* Begin PBXGroup section */
		F13D882927C7D9F000131375 /* String */ = {
			isa = PBXGroup;
			children = (
				F13D882A27C7DA0D00131375 /* IntToTimeConverter.swift */,
			);
			path = String;
			sourceTree = "<group>";
		};
		F13D882C27C83DB400131375 /* MusicBox */ = {
			isa = PBXGroup;
			children = (
				F1CCFF7927C422D30045E363 /* MusicBoxView.swift */,
				F154D6B827C6CFA100EC7F56 /* MusicListView.swift */,
			);
			path = MusicBox;
			sourceTree = "<group>";
		};
		F13D882D27C83DCC00131375 /* MusicStorage */ = {
			isa = PBXGroup;
			children = (
				F13D882327C7ABF700131375 /* StorageListView.swift */,
				F13D882727C7C49600131375 /* StorageView.swift */,
			);
			path = MusicStorage;
			sourceTree = "<group>";
		};
		F13D882E27C83E8900131375 /* BasicViews */ = {
			isa = PBXGroup;
			children = (
				F13D882F27C83EB100131375 /* MusicRowView.swift */,
			);
			path = BasicViews;
			sourceTree = "<group>";
		};
		F13D883127C83FB800131375 /* CoreData */ = {
			isa = PBXGroup;
			children = (
				F1CCFF5227C414A10045E363 /* Persistence.swift */,
				F1CCFF5427C414A10045E363 /* Music_App.xcdatamodeld */,
			);
			path = CoreData;
			sourceTree = "<group>";
		};
		F1CCFF3D27C4149F0045E363 = {
			isa = PBXGroup;
			children = (
				F1CCFF4827C4149F0045E363 /* Music App */,
				F1CCFF5E27C414A20045E363 /* Music AppTests */,
				F1CCFF6827C414A20045E363 /* Music AppUITests */,
				F1CCFF4727C4149F0045E363 /* Products */,
			);
			sourceTree = "<group>";
		};
		F1CCFF4727C4149F0045E363 /* Products */ = {
			isa = PBXGroup;
			children = (
				F1CCFF4627C4149F0045E363 /* Music App.app */,
				F1CCFF5B27C414A20045E363 /* Music AppTests.xctest */,
				F1CCFF6527C414A20045E363 /* Music AppUITests.xctest */,
			);
			name = Products;
			sourceTree = "<group>";
		};
		F1CCFF4827C4149F0045E363 /* Music App */ = {
			isa = PBXGroup;
			children = (
				F1CCFF9627C63EF20045E363 /* Services */,
				F1CCFF8F27C614D30045E363 /* ViewModel */,
				F1CCFF8E27C614CA0045E363 /* Model */,
				F1CCFF8C27C55F140045E363 /* Extensions */,
				F1CCFF7827C422910045E363 /* Views */,
				F1CCFF4927C4149F0045E363 /* Music_App.swift */,
				F1CCFF4B27C4149F0045E363 /* ContentView.swift */,
				F1CCFF4D27C414A10045E363 /* Assets.xcassets */,
				F1CCFF4F27C414A10045E363 /* Preview Content */,
			);
			path = "Music App";
			sourceTree = "<group>";
		};
		F1CCFF4F27C414A10045E363 /* Preview Content */ = {
			isa = PBXGroup;
			children = (
				F1CCFF5027C414A10045E363 /* Preview Assets.xcassets */,
			);
			path = "Preview Content";
			sourceTree = "<group>";
		};
		F1CCFF5E27C414A20045E363 /* Music AppTests */ = {
			isa = PBXGroup;
			children = (
				F1CCFF5F27C414A20045E363 /* Music_AppTests.swift */,
			);
			path = "Music AppTests";
			sourceTree = "<group>";
		};
		F1CCFF6827C414A20045E363 /* Music AppUITests */ = {
			isa = PBXGroup;
			children = (
				F1CCFF6927C414A20045E363 /* Music_AppUITests.swift */,
				F1CCFF6B27C414A20045E363 /* Music_AppUITestsLaunchTests.swift */,
			);
			path = "Music AppUITests";
			sourceTree = "<group>";
		};
		F1CCFF7827C422910045E363 /* Views */ = {
			isa = PBXGroup;
			children = (
				F13D882E27C83E8900131375 /* BasicViews */,
				F13D882D27C83DCC00131375 /* MusicStorage */,
				F13D882C27C83DB400131375 /* MusicBox */,
			);
			path = Views;
			sourceTree = "<group>";
		};
		F1CCFF7B27C423060045E363 /* Resources */ = {
			isa = PBXGroup;
			children = (
				F1CCFF7C27C423E40045E363 /* musicMain.json */,
			);
			path = Resources;
			sourceTree = "<group>";
		};
		F1CCFF8C27C55F140045E363 /* Extensions */ = {
			isa = PBXGroup;
			children = (
				F13D882927C7D9F000131375 /* String */,
				F1CCFF8D27C55F260045E363 /* Image */,
			);
			path = Extensions;
			sourceTree = "<group>";
		};
		F1CCFF8D27C55F260045E363 /* Image */ = {
			isa = PBXGroup;
			children = (
				F1CCFF8A27C55F0D0045E363 /* Image.swift */,
			);
			path = Image;
			sourceTree = "<group>";
		};
		F1CCFF8E27C614CA0045E363 /* Model */ = {
			isa = PBXGroup;
			children = (
				F1CCFF9027C6150E0045E363 /* Music.swift */,
			);
			path = Model;
			sourceTree = "<group>";
		};
		F1CCFF8F27C614D30045E363 /* ViewModel */ = {
			isa = PBXGroup;
			children = (
				F154D6BA27C78B4700EC7F56 /* StorageViewModel.swift */,
			);
			path = ViewModel;
			sourceTree = "<group>";
		};
		F1CCFF9627C63EF20045E363 /* Services */ = {
			isa = PBXGroup;
			children = (
				F1CCFF7B27C423060045E363 /* Resources */,
				F13D883127C83FB800131375 /* CoreData */,
				F1CCFF9727C63F130045E363 /* ReadMainMusicData.swift */,
			);
			path = Services;
			sourceTree = "<group>";
		};
/* End PBXGroup section */

/* Begin PBXNativeTarget section */
		F1CCFF4527C4149F0045E363 /* Music App */ = {
			isa = PBXNativeTarget;
			buildConfigurationList = F1CCFF6F27C414A20045E363 /* Build configuration list for PBXNativeTarget "Music App" */;
			buildPhases = (
				F1CCFF4227C4149F0045E363 /* Sources */,
				F1CCFF4327C4149F0045E363 /* Frameworks */,
				F1CCFF4427C4149F0045E363 /* Resources */,
			);
			buildRules = (
			);
			dependencies = (
			);
			name = "Music App";
			productName = "Music App";
			productReference = F1CCFF4627C4149F0045E363 /* Music App.app */;
			productType = "com.apple.product-type.application";
		};
		F1CCFF5A27C414A20045E363 /* Music AppTests */ = {
			isa = PBXNativeTarget;
			buildConfigurationList = F1CCFF7227C414A20045E363 /* Build configuration list for PBXNativeTarget "Music AppTests" */;
			buildPhases = (
				F1CCFF5727C414A20045E363 /* Sources */,
				F1CCFF5827C414A20045E363 /* Frameworks */,
				F1CCFF5927C414A20045E363 /* Resources */,
			);
			buildRules = (
			);
			dependencies = (
				F1CCFF5D27C414A20045E363 /* PBXTargetDependency */,
			);
			name = "Music AppTests";
			productName = "Music AppTests";
			productReference = F1CCFF5B27C414A20045E363 /* Music AppTests.xctest */;
			productType = "com.apple.product-type.bundle.unit-test";
		};
		F1CCFF6427C414A20045E363 /* Music AppUITests */ = {
			isa = PBXNativeTarget;
			buildConfigurationList = F1CCFF7527C414A20045E363 /* Build configuration list for PBXNativeTarget "Music AppUITests" */;
			buildPhases = (
				F1CCFF6127C414A20045E363 /* Sources */,
				F1CCFF6227C414A20045E363 /* Frameworks */,
				F1CCFF6327C414A20045E363 /* Resources */,
			);
			buildRules = (
			);
			dependencies = (
				F1CCFF6727C414A20045E363 /* PBXTargetDependency */,
			);
			name = "Music AppUITests";
			productName = "Music AppUITests";
			productReference = F1CCFF6527C414A20045E363 /* Music AppUITests.xctest */;
			productType = "com.apple.product-type.bundle.ui-testing";
		};
/* End PBXNativeTarget section */

/* Begin PBXProject section */
		F1CCFF3E27C4149F0045E363 /* Project object */ = {
			isa = PBXProject;
			attributes = {
				BuildIndependentTargetsInParallel = 1;
				LastSwiftUpdateCheck = 1320;
				LastUpgradeCheck = 1320;
				TargetAttributes = {
					F1CCFF4527C4149F0045E363 = {
						CreatedOnToolsVersion = 13.2.1;
					};
					F1CCFF5A27C414A20045E363 = {
						CreatedOnToolsVersion = 13.2.1;
						TestTargetID = F1CCFF4527C4149F0045E363;
					};
					F1CCFF6427C414A20045E363 = {
						CreatedOnToolsVersion = 13.2.1;
						TestTargetID = F1CCFF4527C4149F0045E363;
					};
				};
			};
			buildConfigurationList = F1CCFF4127C4149F0045E363 /* Build configuration list for PBXProject "Music App" */;
			compatibilityVersion = "Xcode 13.0";
			developmentRegion = en;
			hasScannedForEncodings = 0;
			knownRegions = (
				en,
				Base,
			);
			mainGroup = F1CCFF3D27C4149F0045E363;
			productRefGroup = F1CCFF4727C4149F0045E363 /* Products */;
			projectDirPath = "";
			projectRoot = "";
			targets = (
				F1CCFF4527C4149F0045E363 /* Music App */,
				F1CCFF5A27C414A20045E363 /* Music AppTests */,
				F1CCFF6427C414A20045E363 /* Music AppUITests */,
			);
		};
/* End PBXProject section */

/* Begin PBXResourcesBuildPhase section */
		F1CCFF4427C4149F0045E363 /* Resources */ = {
			isa = PBXResourcesBuildPhase;
			buildActionMask = 2147483647;
			files = (
				F1CCFF5127C414A10045E363 /* Preview Assets.xcassets in Resources */,
				F1CCFF7D27C423E40045E363 /* musicMain.json in Resources */,
				F1CCFF4E27C414A10045E363 /* Assets.xcassets in Resources */,
			);
			runOnlyForDeploymentPostprocessing = 0;
		};
		F1CCFF5927C414A20045E363 /* Resources */ = {
			isa = PBXResourcesBuildPhase;
			buildActionMask = 2147483647;
			files = (
			);
			runOnlyForDeploymentPostprocessing = 0;
		};
		F1CCFF6327C414A20045E363 /* Resources */ = {
			isa = PBXResourcesBuildPhase;
			buildActionMask = 2147483647;
			files = (
			);
			runOnlyForDeploymentPostprocessing = 0;
		};
/* End PBXResourcesBuildPhase section */

/* Begin PBXSourcesBuildPhase section */
		F1CCFF4227C4149F0045E363 /* Sources */ = {
			isa = PBXSourcesBuildPhase;
			buildActionMask = 2147483647;
			files = (
				F1CCFF7A27C422D30045E363 /* MusicBoxView.swift in Sources */,
				F1CCFF8B27C55F0D0045E363 /* Image.swift in Sources */,
				F13D882B27C7DA0D00131375 /* IntToTimeConverter.swift in Sources */,
				F13D882827C7C49600131375 /* StorageView.swift in Sources */,
				F13D882427C7ABF800131375 /* StorageListView.swift in Sources */,
				F154D6B927C6CFA100EC7F56 /* MusicListView.swift in Sources */,
				F154D6BB27C78B4800EC7F56 /* StorageViewModel.swift in Sources */,
				F1CCFF5327C414A10045E363 /* Persistence.swift in Sources */,
				F1CCFF4C27C4149F0045E363 /* ContentView.swift in Sources */,
				F13D883027C83EB100131375 /* MusicRowView.swift in Sources */,
				F1CCFF9127C6150E0045E363 /* Music.swift in Sources */,
				F1CCFF9827C63F130045E363 /* ReadMainMusicData.swift in Sources */,
				F1CCFF4A27C4149F0045E363 /* Music_App.swift in Sources */,
				F1CCFF5627C414A10045E363 /* Music_App.xcdatamodeld in Sources */,
			);
			runOnlyForDeploymentPostprocessing = 0;
		};
		F1CCFF5727C414A20045E363 /* Sources */ = {
			isa = PBXSourcesBuildPhase;
			buildActionMask = 2147483647;
			files = (
				F1CCFF6027C414A20045E363 /* Music_AppTests.swift in Sources */,
			);
			runOnlyForDeploymentPostprocessing = 0;
		};
		F1CCFF6127C414A20045E363 /* Sources */ = {
			isa = PBXSourcesBuildPhase;
			buildActionMask = 2147483647;
			files = (
				F1CCFF6C27C414A20045E363 /* Music_AppUITestsLaunchTests.swift in Sources */,
				F1CCFF6A27C414A20045E363 /* Music_AppUITests.swift in Sources */,
			);
			runOnlyForDeploymentPostprocessing = 0;
		};
/* End PBXSourcesBuildPhase section */

/* Begin PBXTargetDependency section */
		F1CCFF5D27C414A20045E363 /* PBXTargetDependency */ = {
			isa = PBXTargetDependency;
			target = F1CCFF4527C4149F0045E363 /* Music App */;
			targetProxy = F1CCFF5C27C414A20045E363 /* PBXContainerItemProxy */;
		};
		F1CCFF6727C414A20045E363 /* PBXTargetDependency */ = {
			isa = PBXTargetDependency;
			target = F1CCFF4527C4149F0045E363 /* Music App */;
			targetProxy = F1CCFF6627C414A20045E363 /* PBXContainerItemProxy */;
		};
/* End PBXTargetDependency section */

/* Begin XCBuildConfiguration section */
		F1CCFF6D27C414A20045E363 /* Debug */ = {
			isa = XCBuildConfiguration;
			buildSettings = {
				ALWAYS_SEARCH_USER_PATHS = NO;
				CLANG_ANALYZER_NONNULL = YES;
				CLANG_ANALYZER_NUMBER_OBJECT_CONVERSION = YES_AGGRESSIVE;
				CLANG_CXX_LANGUAGE_STANDARD = "gnu++17";
				CLANG_CXX_LIBRARY = "libc++";
				CLANG_ENABLE_MODULES = YES;
				CLANG_ENABLE_OBJC_ARC = YES;
				CLANG_ENABLE_OBJC_WEAK = YES;
				CLANG_WARN_BLOCK_CAPTURE_AUTORELEASING = YES;
				CLANG_WARN_BOOL_CONVERSION = YES;
				CLANG_WARN_COMMA = YES;
				CLANG_WARN_CONSTANT_CONVERSION = YES;
				CLANG_WARN_DEPRECATED_OBJC_IMPLEMENTATIONS = YES;
				CLANG_WARN_DIRECT_OBJC_ISA_USAGE = YES_ERROR;
				CLANG_WARN_DOCUMENTATION_COMMENTS = YES;
				CLANG_WARN_EMPTY_BODY = YES;
				CLANG_WARN_ENUM_CONVERSION = YES;
				CLANG_WARN_INFINITE_RECURSION = YES;
				CLANG_WARN_INT_CONVERSION = YES;
				CLANG_WARN_NON_LITERAL_NULL_CONVERSION = YES;
				CLANG_WARN_OBJC_IMPLICIT_RETAIN_SELF = YES;
				CLANG_WARN_OBJC_LITERAL_CONVERSION = YES;
				CLANG_WARN_OBJC_ROOT_CLASS = YES_ERROR;
				CLANG_WARN_QUOTED_INCLUDE_IN_FRAMEWORK_HEADER = YES;
				CLANG_WARN_RANGE_LOOP_ANALYSIS = YES;
				CLANG_WARN_STRICT_PROTOTYPES = YES;
				CLANG_WARN_SUSPICIOUS_MOVE = YES;
				CLANG_WARN_UNGUARDED_AVAILABILITY = YES_AGGRESSIVE;
				CLANG_WARN_UNREACHABLE_CODE = YES;
				CLANG_WARN__DUPLICATE_METHOD_MATCH = YES;
				COPY_PHASE_STRIP = NO;
				DEBUG_INFORMATION_FORMAT = dwarf;
				ENABLE_STRICT_OBJC_MSGSEND = YES;
				ENABLE_TESTABILITY = YES;
				GCC_C_LANGUAGE_STANDARD = gnu11;
				GCC_DYNAMIC_NO_PIC = NO;
				GCC_NO_COMMON_BLOCKS = YES;
				GCC_OPTIMIZATION_LEVEL = 0;
				GCC_PREPROCESSOR_DEFINITIONS = (
					"DEBUG=1",
					"$(inherited)",
				);
				GCC_WARN_64_TO_32_BIT_CONVERSION = YES;
				GCC_WARN_ABOUT_RETURN_TYPE = YES_ERROR;
				GCC_WARN_UNDECLARED_SELECTOR = YES;
				GCC_WARN_UNINITIALIZED_AUTOS = YES_AGGRESSIVE;
				GCC_WARN_UNUSED_FUNCTION = YES;
				GCC_WARN_UNUSED_VARIABLE = YES;
				IPHONEOS_DEPLOYMENT_TARGET = 15.2;
				MTL_ENABLE_DEBUG_INFO = INCLUDE_SOURCE;
				MTL_FAST_MATH = YES;
				ONLY_ACTIVE_ARCH = YES;
				SDKROOT = iphoneos;
				SWIFT_ACTIVE_COMPILATION_CONDITIONS = DEBUG;
				SWIFT_OPTIMIZATION_LEVEL = "-Onone";
			};
			name = Debug;
		};
		F1CCFF6E27C414A20045E363 /* Release */ = {
			isa = XCBuildConfiguration;
			buildSettings = {
				ALWAYS_SEARCH_USER_PATHS = NO;
				CLANG_ANALYZER_NONNULL = YES;
				CLANG_ANALYZER_NUMBER_OBJECT_CONVERSION = YES_AGGRESSIVE;
				CLANG_CXX_LANGUAGE_STANDARD = "gnu++17";
				CLANG_CXX_LIBRARY = "libc++";
				CLANG_ENABLE_MODULES = YES;
				CLANG_ENABLE_OBJC_ARC = YES;
				CLANG_ENABLE_OBJC_WEAK = YES;
				CLANG_WARN_BLOCK_CAPTURE_AUTORELEASING = YES;
				CLANG_WARN_BOOL_CONVERSION = YES;
				CLANG_WARN_COMMA = YES;
				CLANG_WARN_CONSTANT_CONVERSION = YES;
				CLANG_WARN_DEPRECATED_OBJC_IMPLEMENTATIONS = YES;
				CLANG_WARN_DIRECT_OBJC_ISA_USAGE = YES_ERROR;
				CLANG_WARN_DOCUMENTATION_COMMENTS = YES;
				CLANG_WARN_EMPTY_BODY = YES;
				CLANG_WARN_ENUM_CONVERSION = YES;
				CLANG_WARN_INFINITE_RECURSION = YES;
				CLANG_WARN_INT_CONVERSION = YES;
				CLANG_WARN_NON_LITERAL_NULL_CONVERSION = YES;
				CLANG_WARN_OBJC_IMPLICIT_RETAIN_SELF = YES;
				CLANG_WARN_OBJC_LITERAL_CONVERSION = YES;
				CLANG_WARN_OBJC_ROOT_CLASS = YES_ERROR;
				CLANG_WARN_QUOTED_INCLUDE_IN_FRAMEWORK_HEADER = YES;
				CLANG_WARN_RANGE_LOOP_ANALYSIS = YES;
				CLANG_WARN_STRICT_PROTOTYPES = YES;
				CLANG_WARN_SUSPICIOUS_MOVE = YES;
				CLANG_WARN_UNGUARDED_AVAILABILITY = YES_AGGRESSIVE;
				CLANG_WARN_UNREACHABLE_CODE = YES;
				CLANG_WARN__DUPLICATE_METHOD_MATCH = YES;
				COPY_PHASE_STRIP = NO;
				DEBUG_INFORMATION_FORMAT = "dwarf-with-dsym";
				ENABLE_NS_ASSERTIONS = NO;
				ENABLE_STRICT_OBJC_MSGSEND = YES;
				GCC_C_LANGUAGE_STANDARD = gnu11;
				GCC_NO_COMMON_BLOCKS = YES;
				GCC_WARN_64_TO_32_BIT_CONVERSION = YES;
				GCC_WARN_ABOUT_RETURN_TYPE = YES_ERROR;
				GCC_WARN_UNDECLARED_SELECTOR = YES;
				GCC_WARN_UNINITIALIZED_AUTOS = YES_AGGRESSIVE;
				GCC_WARN_UNUSED_FUNCTION = YES;
				GCC_WARN_UNUSED_VARIABLE = YES;
				IPHONEOS_DEPLOYMENT_TARGET = 15.2;
				MTL_ENABLE_DEBUG_INFO = NO;
				MTL_FAST_MATH = YES;
				SDKROOT = iphoneos;
				SWIFT_COMPILATION_MODE = wholemodule;
				SWIFT_OPTIMIZATION_LEVEL = "-O";
				VALIDATE_PRODUCT = YES;
			};
			name = Release;
		};
		F1CCFF7027C414A20045E363 /* Debug */ = {
			isa = XCBuildConfiguration;
			buildSettings = {
				ASSETCATALOG_COMPILER_APPICON_NAME = AppIcon;
				ASSETCATALOG_COMPILER_GLOBAL_ACCENT_COLOR_NAME = AccentColor;
				CODE_SIGN_STYLE = Automatic;
				CURRENT_PROJECT_VERSION = 1;
				DEVELOPMENT_ASSET_PATHS = "\"Music App/Preview Content\"";
				DEVELOPMENT_TEAM = JDKGKWNTDG;
				ENABLE_PREVIEWS = YES;
				GENERATE_INFOPLIST_FILE = YES;
				INFOPLIST_KEY_UIApplicationSceneManifest_Generation = YES;
				INFOPLIST_KEY_UIApplicationSupportsIndirectInputEvents = YES;
				INFOPLIST_KEY_UILaunchScreen_Generation = YES;
				INFOPLIST_KEY_UISupportedInterfaceOrientations_iPad = "UIInterfaceOrientationPortrait UIInterfaceOrientationPortraitUpsideDown UIInterfaceOrientationLandscapeLeft UIInterfaceOrientationLandscapeRight";
				INFOPLIST_KEY_UISupportedInterfaceOrientations_iPhone = "UIInterfaceOrientationPortrait UIInterfaceOrientationLandscapeLeft UIInterfaceOrientationLandscapeRight";
				LD_RUNPATH_SEARCH_PATHS = (
					"$(inherited)",
					"@executable_path/Frameworks",
				);
				MARKETING_VERSION = 1.0;
				PRODUCT_BUNDLE_IDENTIFIER = "com.krivenkis.Music-App";
				PRODUCT_NAME = "$(TARGET_NAME)";
				SWIFT_EMIT_LOC_STRINGS = YES;
				SWIFT_VERSION = 5.0;
				TARGETED_DEVICE_FAMILY = 1;
			};
			name = Debug;
		};
		F1CCFF7127C414A20045E363 /* Release */ = {
			isa = XCBuildConfiguration;
			buildSettings = {
				ASSETCATALOG_COMPILER_APPICON_NAME = AppIcon;
				ASSETCATALOG_COMPILER_GLOBAL_ACCENT_COLOR_NAME = AccentColor;
				CODE_SIGN_STYLE = Automatic;
				CURRENT_PROJECT_VERSION = 1;
				DEVELOPMENT_ASSET_PATHS = "\"Music App/Preview Content\"";
				DEVELOPMENT_TEAM = JDKGKWNTDG;
				ENABLE_PREVIEWS = YES;
				GENERATE_INFOPLIST_FILE = YES;
				INFOPLIST_KEY_UIApplicationSceneManifest_Generation = YES;
				INFOPLIST_KEY_UIApplicationSupportsIndirectInputEvents = YES;
				INFOPLIST_KEY_UILaunchScreen_Generation = YES;
				INFOPLIST_KEY_UISupportedInterfaceOrientations_iPad = "UIInterfaceOrientationPortrait UIInterfaceOrientationPortraitUpsideDown UIInterfaceOrientationLandscapeLeft UIInterfaceOrientationLandscapeRight";
				INFOPLIST_KEY_UISupportedInterfaceOrientations_iPhone = "UIInterfaceOrientationPortrait UIInterfaceOrientationLandscapeLeft UIInterfaceOrientationLandscapeRight";
				LD_RUNPATH_SEARCH_PATHS = (
					"$(inherited)",
					"@executable_path/Frameworks",
				);
				MARKETING_VERSION = 1.0;
				PRODUCT_BUNDLE_IDENTIFIER = "com.krivenkis.Music-App";
				PRODUCT_NAME = "$(TARGET_NAME)";
				SWIFT_EMIT_LOC_STRINGS = YES;
				SWIFT_VERSION = 5.0;
				TARGETED_DEVICE_FAMILY = 1;
			};
			name = Release;
		};
		F1CCFF7327C414A20045E363 /* Debug */ = {
			isa = XCBuildConfiguration;
			buildSettings = {
				ALWAYS_EMBED_SWIFT_STANDARD_LIBRARIES = YES;
				BUNDLE_LOADER = "$(TEST_HOST)";
				CODE_SIGN_STYLE = Automatic;
				CURRENT_PROJECT_VERSION = 1;
				GENERATE_INFOPLIST_FILE = YES;
				IPHONEOS_DEPLOYMENT_TARGET = 15.2;
				MARKETING_VERSION = 1.0;
				PRODUCT_BUNDLE_IDENTIFIER = "com.krivenkis.Music-AppTests";
				PRODUCT_NAME = "$(TARGET_NAME)";
				SWIFT_EMIT_LOC_STRINGS = NO;
				SWIFT_VERSION = 5.0;
				TARGETED_DEVICE_FAMILY = "1,2";
				TEST_HOST = "$(BUILT_PRODUCTS_DIR)/Music App.app/Music App";
			};
			name = Debug;
		};
		F1CCFF7427C414A20045E363 /* Release */ = {
			isa = XCBuildConfiguration;
			buildSettings = {
				ALWAYS_EMBED_SWIFT_STANDARD_LIBRARIES = YES;
				BUNDLE_LOADER = "$(TEST_HOST)";
				CODE_SIGN_STYLE = Automatic;
				CURRENT_PROJECT_VERSION = 1;
				GENERATE_INFOPLIST_FILE = YES;
				IPHONEOS_DEPLOYMENT_TARGET = 15.2;
				MARKETING_VERSION = 1.0;
				PRODUCT_BUNDLE_IDENTIFIER = "com.krivenkis.Music-AppTests";
				PRODUCT_NAME = "$(TARGET_NAME)";
				SWIFT_EMIT_LOC_STRINGS = NO;
				SWIFT_VERSION = 5.0;
				TARGETED_DEVICE_FAMILY = "1,2";
				TEST_HOST = "$(BUILT_PRODUCTS_DIR)/Music App.app/Music App";
			};
			name = Release;
		};
		F1CCFF7627C414A20045E363 /* Debug */ = {
			isa = XCBuildConfiguration;
			buildSettings = {
				ALWAYS_EMBED_SWIFT_STANDARD_LIBRARIES = YES;
				CODE_SIGN_STYLE = Automatic;
				CURRENT_PROJECT_VERSION = 1;
				GENERATE_INFOPLIST_FILE = YES;
				MARKETING_VERSION = 1.0;
				PRODUCT_BUNDLE_IDENTIFIER = "com.krivenkis.Music-AppUITests";
				PRODUCT_NAME = "$(TARGET_NAME)";
				SWIFT_EMIT_LOC_STRINGS = NO;
				SWIFT_VERSION = 5.0;
				TARGETED_DEVICE_FAMILY = "1,2";
				TEST_TARGET_NAME = "Music App";
			};
			name = Debug;
		};
		F1CCFF7727C414A20045E363 /* Release */ = {
			isa = XCBuildConfiguration;
			buildSettings = {
				ALWAYS_EMBED_SWIFT_STANDARD_LIBRARIES = YES;
				CODE_SIGN_STYLE = Automatic;
				CURRENT_PROJECT_VERSION = 1;
				GENERATE_INFOPLIST_FILE = YES;
				MARKETING_VERSION = 1.0;
				PRODUCT_BUNDLE_IDENTIFIER = "com.krivenkis.Music-AppUITests";
				PRODUCT_NAME = "$(TARGET_NAME)";
				SWIFT_EMIT_LOC_STRINGS = NO;
				SWIFT_VERSION = 5.0;
				TARGETED_DEVICE_FAMILY = "1,2";
				TEST_TARGET_NAME = "Music App";
			};
			name = Release;
		};
/* End XCBuildConfiguration section */

/* Begin XCConfigurationList section */
		F1CCFF4127C4149F0045E363 /* Build configuration list for PBXProject "Music App" */ = {
			isa = XCConfigurationList;
			buildConfigurations = (
				F1CCFF6D27C414A20045E363 /* Debug */,
				F1CCFF6E27C414A20045E363 /* Release */,
			);
			defaultConfigurationIsVisible = 0;
			defaultConfigurationName = Release;
		};
		F1CCFF6F27C414A20045E363 /* Build configuration list for PBXNativeTarget "Music App" */ = {
			isa = XCConfigurationList;
			buildConfigurations = (
				F1CCFF7027C414A20045E363 /* Debug */,
				F1CCFF7127C414A20045E363 /* Release */,
			);
			defaultConfigurationIsVisible = 0;
			defaultConfigurationName = Release;
		};
		F1CCFF7227C414A20045E363 /* Build configuration list for PBXNativeTarget "Music AppTests" */ = {
			isa = XCConfigurationList;
			buildConfigurations = (
				F1CCFF7327C414A20045E363 /* Debug */,
				F1CCFF7427C414A20045E363 /* Release */,
			);
			defaultConfigurationIsVisible = 0;
			defaultConfigurationName = Release;
		};
		F1CCFF7527C414A20045E363 /* Build configuration list for PBXNativeTarget "Music AppUITests" */ = {
			isa = XCConfigurationList;
			buildConfigurations = (
				F1CCFF7627C414A20045E363 /* Debug */,
				F1CCFF7727C414A20045E363 /* Release */,
			);
			defaultConfigurationIsVisible = 0;
			defaultConfigurationName = Release;
		};
/* End XCConfigurationList section */

/* Begin XCVersionGroup section */
		F1CCFF5427C414A10045E363 /* Music_App.xcdatamodeld */ = {
			isa = XCVersionGroup;
			children = (
				F1CCFF5527C414A10045E363 /* Music_App.xcdatamodel */,
			);
			currentVersion = F1CCFF5527C414A10045E363 /* Music_App.xcdatamodel */;
			path = Music_App.xcdatamodeld;
			sourceTree = "<group>";
			versionGroupType = wrapper.xcdatamodel;
		};
/* End XCVersionGroup section */
	};
	rootObject = F1CCFF3E27C4149F0045E363 /* Project object */;
}
